{
  "name": "geopub",
  "version": "1.0.0",
  "lockfileVersion": 1,
  "requires": true,
  "dependencies": {
    "@babel/runtime": {
      "version": "7.8.4",
      "resolved": "https://registry.npmjs.org/@babel/runtime/-/runtime-7.8.4.tgz",
      "integrity": "sha512-neAp3zt80trRVBI1x0azq6c57aNBqYZH8KhMm3TaB7wEI5Q4A2SHfBHE8w9gOhI/lrqxtEbXZgQIrHP+wvSGwQ==",
      "requires": {
        "regenerator-runtime": "^0.13.2"
      }
    },
    "@comunica/actor-abstract-mediatyped": {
      "version": "1.9.2",
      "resolved": "https://registry.npmjs.org/@comunica/actor-abstract-mediatyped/-/actor-abstract-mediatyped-1.9.2.tgz",
      "integrity": "sha512-3FSBn9im8e1Ku4xPzI446IPR8uFf+uOWQbfFioKjHi4JH2bP7z6C3a5xH/jLrRGdj1jnsKE2UhpppEWsvrUcFg==",
      "requires": {
        "lodash.mapvalues": "^4.6.0"
      }
    },
    "@comunica/actor-http-native": {
      "version": "1.10.0",
      "resolved": "https://registry.npmjs.org/@comunica/actor-http-native/-/actor-http-native-1.10.0.tgz",
      "integrity": "sha512-ku40ybFzFHHnDuCXaOz0zzYzYqkJINMpVIfGM0OdZyApdwAqx2COWgIePr3HN2dakPl283hj7lbctMVFKuzohQ==",
      "requires": {
        "follow-redirects": "^1.5.1",
        "isomorphic-fetch": "^2.2.1",
        "parse-link-header": "^1.0.1"
      }
    },
    "@comunica/actor-rdf-parse-html": {
      "version": "1.9.2",
      "resolved": "https://registry.npmjs.org/@comunica/actor-rdf-parse-html/-/actor-rdf-parse-html-1.9.2.tgz",
      "integrity": "sha512-lLGLq9ZP83I6mdBESPmW/gRrSamVCO0Vlkt/ru+7MlTmYK7mvaRl7Y5txHaWOCWBg3flE200aGr3qy1r3IucTQ==",
      "requires": {
        "htmlparser2": "^4.0.0"
      }
    },
    "@comunica/actor-rdf-parse-html-rdfa": {
      "version": "1.9.2",
      "resolved": "https://registry.npmjs.org/@comunica/actor-rdf-parse-html-rdfa/-/actor-rdf-parse-html-rdfa-1.9.2.tgz",
      "integrity": "sha512-TDn6XUOUavEhrOEi3UERfMi62Cv1YDsx4T2N/Afo5UayU9rI24LWcg2cCXgmGXJLjWROCbm/GmFlxecxqwoI3g==",
      "requires": {
        "rdfa-streaming-parser": "^1.1.1"
      }
    },
    "@comunica/actor-rdf-parse-html-script": {
      "version": "1.9.2",
      "resolved": "https://registry.npmjs.org/@comunica/actor-rdf-parse-html-script/-/actor-rdf-parse-html-script-1.9.2.tgz",
      "integrity": "sha512-I6+8Cno2P/H/htmSDehZq172bx1roJV0C7Ww2aTDNyPbgMbsnnQCYijle63s7MY6nQ2w3BNgEew41x0d4yzBPw=="
    },
    "@comunica/actor-rdf-parse-jsonld": {
      "version": "1.10.0",
      "resolved": "https://registry.npmjs.org/@comunica/actor-rdf-parse-jsonld/-/actor-rdf-parse-jsonld-1.10.0.tgz",
      "integrity": "sha512-Qgav8AGNi0RYAXnhO4SMZdZI5d4B5q2l0gELVrmRVXid3+DDb12SnywbGosEyUtczuV9QFoDBHLiTzED6XumPw==",
      "requires": {
        "@types/http-link-header": "^1.0.1",
        "http-link-header": "^1.0.2",
        "jsonld-streaming-parser": "^1.1.0",
        "stream-to-string": "^1.2.0"
      }
    },
    "@comunica/actor-rdf-parse-n3": {
      "version": "1.9.3",
      "resolved": "https://registry.npmjs.org/@comunica/actor-rdf-parse-n3/-/actor-rdf-parse-n3-1.9.3.tgz",
      "integrity": "sha512-K5lijBYoGkFtV/zSy98I3xcn6/vtfHVQ0koTsYF5/dizNKvbVmlbngihfyIlc1NpywIn2A0dRkYC1B9DlTLEzQ==",
      "requires": {
        "n3": "^1.0.0"
      }
    },
    "@comunica/actor-rdf-parse-rdfxml": {
      "version": "1.9.2",
      "resolved": "https://registry.npmjs.org/@comunica/actor-rdf-parse-rdfxml/-/actor-rdf-parse-rdfxml-1.9.2.tgz",
      "integrity": "sha512-Rc8gOfHyOmx6q/4xSLZ7KEQKmOQgR36Efxjlf4MZZ4gVvdIaJfa0ZhocsZkCTAqOm5pJIMLF9aPZ6I9zY76Pjg==",
      "requires": {
        "rdfxml-streaming-parser": "^1.1.0"
      }
    },
    "@comunica/actor-rdf-parse-xml-rdfa": {
      "version": "1.9.2",
      "resolved": "https://registry.npmjs.org/@comunica/actor-rdf-parse-xml-rdfa/-/actor-rdf-parse-xml-rdfa-1.9.2.tgz",
      "integrity": "sha512-ARIa2Cmx2EAK9epMa6pBr8fEpAoJb/zSfFa4OI8+lcTHF8rGGcX1/nQeTWPcEk3p1lhHCEpK/0maANh8ULb9Zg==",
      "requires": {
        "rdfa-streaming-parser": "^1.1.1"
      }
    },
    "@comunica/bus-http": {
      "version": "1.10.0",
      "resolved": "https://registry.npmjs.org/@comunica/bus-http/-/bus-http-1.10.0.tgz",
      "integrity": "sha512-cNLOz3lQQ4zJiqYtn7FKgbjfyzmkcA480SSGhTmgqzZ8Qnm8DkswiY6xEDGd5aXJxstxR1dOHQmjax3txtpiGg==",
      "requires": {
        "is-stream": "^2.0.0",
        "web-streams-node": "^0.4.0"
      },
      "dependencies": {
        "is-stream": {
          "version": "2.0.0",
          "resolved": "https://registry.npmjs.org/is-stream/-/is-stream-2.0.0.tgz",
          "integrity": "sha512-XCoy+WlUr7d1+Z8GgSuXmpuUFC9fOhRXglJMx+dwLKTkL44Cjd4W1Z5P+BQZpr+cR93aGP4S/s7Ftw6Nd/kiEw=="
        }
      }
    },
    "@comunica/bus-rdf-parse": {
      "version": "1.9.2",
      "resolved": "https://registry.npmjs.org/@comunica/bus-rdf-parse/-/bus-rdf-parse-1.9.2.tgz",
      "integrity": "sha512-haRSAx8mSJeHvo/pNmqvfqlsJbPiGW/0m9f6NFifEFDn8LT16xOtxIzP9BHSOe9dDp0rsZa3arJX0jXryY2mEw==",
      "requires": {
        "@comunica/actor-abstract-mediatyped": "^1.9.2"
      }
    },
    "@comunica/bus-rdf-parse-html": {
      "version": "1.9.2",
      "resolved": "https://registry.npmjs.org/@comunica/bus-rdf-parse-html/-/bus-rdf-parse-html-1.9.2.tgz",
      "integrity": "sha512-FxZG8gTZv7YbjAoq3IsubLnjA8rcPNqUvtIBqp9skzhqBwv1l92e6O5eKiUvvq5QR+5xXBS+SIAi+17F4oOA9g=="
    },
    "@comunica/core": {
      "version": "1.9.2",
      "resolved": "https://registry.npmjs.org/@comunica/core/-/core-1.9.2.tgz",
      "integrity": "sha512-bsXMUnuO/5EyhVmbNehlL8+wkAGRM9vAqp0cAjhQDyT832BJcGB7Cr1Ufdzr5ZxOuG/Z0ydkTbcLS8JwE/hrcg==",
      "requires": {
        "immutable": "^3.8.2",
        "lodash.assign": "^4.2.0"
      }
    },
    "@comunica/mediator-combine-union": {
      "version": "1.9.2",
      "resolved": "https://registry.npmjs.org/@comunica/mediator-combine-union/-/mediator-combine-union-1.9.2.tgz",
      "integrity": "sha512-bYKrNL645h/DrTl2NLQnMJsf2WiP3i7Wu1pEIIE815vjOnrvvbklkC1t/Q1ASMFWGuBIb65kps4hIUkvd9DJfg==",
      "requires": {
        "lodash.defaults": "^4.2.0"
      }
    },
    "@comunica/mediator-number": {
      "version": "1.9.2",
      "resolved": "https://registry.npmjs.org/@comunica/mediator-number/-/mediator-number-1.9.2.tgz",
      "integrity": "sha512-3rFZrcc6jQsbbX2pjh2j/StMMWHly7VNFCvOTVHBYVPV5r5tQkEWvIlyaBYhL4wQu8IiReUjm/ZCqRWUnApOGA=="
    },
    "@comunica/mediator-race": {
      "version": "1.9.2",
      "resolved": "https://registry.npmjs.org/@comunica/mediator-race/-/mediator-race-1.9.2.tgz",
      "integrity": "sha512-8BivIVQX7VRD/xyFjwXoko1mMAs6uS9ntQYW12U9HZ156PrE0m9K+Ge0f+dya7i3A/GsJCAfn05dmHb7L1JmVg=="
    },
    "@rdfjs/data-model": {
      "version": "1.1.2",
      "resolved": "https://registry.npmjs.org/@rdfjs/data-model/-/data-model-1.1.2.tgz",
      "integrity": "sha512-pk/G/JLYGaXesoBLvEmoC/ic0H3B79fTyS0Ujjh5YQB2DZW+mn05ZowFFv88rjB9jf7c1XE5XSmf8jzn6U0HHA==",
      "requires": {
        "@types/rdf-js": "^2.0.1"
      }
    },
    "@types/http-link-header": {
      "version": "1.0.1",
      "resolved": "https://registry.npmjs.org/@types/http-link-header/-/http-link-header-1.0.1.tgz",
      "integrity": "sha512-5h+Pqs4EHoMkY/fLva7XsYmh9IVQghQ6uWWil1FGCNI0WqjhI4g20doYsbT4kJ/G3GkAlQca4AIc9OexdUnzkg=="
    },
    "@types/node": {
      "version": "13.5.0",
      "resolved": "https://registry.npmjs.org/@types/node/-/node-13.5.0.tgz",
      "integrity": "sha512-Onhn+z72D2O2Pb2ql2xukJ55rglumsVo1H6Fmyi8mlU9SvKdBk/pUSUAiBY/d9bAOF7VVWajX3sths/+g6ZiAQ=="
    },
    "@types/rdf-js": {
      "version": "2.0.10",
      "resolved": "https://registry.npmjs.org/@types/rdf-js/-/rdf-js-2.0.10.tgz",
      "integrity": "sha512-p6jynQltGUe/7Lr7z/Op6GiQ7XE/HKVMqtMs/67DYPCIuADXC0lXjgIKY6Kcv6Sh3HFnGL/UCcgnHGsrYG+xSA==",
      "requires": {
        "@types/node": "*"
      }
    },
    "asap": {
      "version": "2.0.6",
      "resolved": "https://registry.npmjs.org/asap/-/asap-2.0.6.tgz",
      "integrity": "sha1-5QNHYR1+aQlDIIu9r+vLwvuGbUY="
    },
    "core-js": {
      "version": "1.2.7",
      "resolved": "https://registry.npmjs.org/core-js/-/core-js-1.2.7.tgz",
      "integrity": "sha1-ZSKUwUZR2yj6k70tX/KYOk8IxjY="
    },
    "create-react-class": {
      "version": "15.6.3",
      "resolved": "https://registry.npmjs.org/create-react-class/-/create-react-class-15.6.3.tgz",
      "integrity": "sha512-M+/3Q6E6DLO6Yx3OwrWjwHBnvfXXYA7W+dFjt/ZDBemHO1DDZhsalX/NUtnTYclN6GfnBDRh4qRHjcDHmlJBJg==",
      "requires": {
        "fbjs": "^0.8.9",
        "loose-envify": "^1.3.1",
        "object-assign": "^4.1.1"
      }
    },
    "debug": {
      "version": "3.2.6",
      "resolved": "https://registry.npmjs.org/debug/-/debug-3.2.6.tgz",
      "integrity": "sha512-mel+jf7nrtEl5Pn1Qx46zARXKDpBbvzezse7p7LqINmdoIk8PYP5SySaxEmYv6TZ0JyEKA1hsCId6DIhgITtWQ==",
      "requires": {
        "ms": "^2.1.1"
      }
    },
    "dom-serializer": {
      "version": "0.2.2",
      "resolved": "https://registry.npmjs.org/dom-serializer/-/dom-serializer-0.2.2.tgz",
      "integrity": "sha512-2/xPb3ORsQ42nHYiSunXkDjPLBaEj/xTwUO4B7XCZQTRk7EBtTOPaygh10YAAh2OI1Qrp6NWfpAhzswj0ydt9g==",
      "requires": {
        "domelementtype": "^2.0.1",
        "entities": "^2.0.0"
      }
    },
    "domelementtype": {
      "version": "2.0.1",
      "resolved": "https://registry.npmjs.org/domelementtype/-/domelementtype-2.0.1.tgz",
      "integrity": "sha512-5HOHUDsYZWV8FGWN0Njbr/Rn7f/eWSQi1v7+HsUVwXgn8nWWlL64zKDkS0n8ZmQ3mlWOMuXOnR+7Nx/5tMO5AQ=="
    },
    "domhandler": {
      "version": "3.0.0",
      "resolved": "https://registry.npmjs.org/domhandler/-/domhandler-3.0.0.tgz",
      "integrity": "sha512-eKLdI5v9m67kbXQbJSNn1zjh0SDzvzWVWtX+qEI3eMjZw8daH9k8rlj1FZY9memPwjiskQFbe7vHVVJIAqoEhw==",
      "requires": {
        "domelementtype": "^2.0.1"
      }
    },
    "domutils": {
      "version": "2.0.0",
      "resolved": "https://registry.npmjs.org/domutils/-/domutils-2.0.0.tgz",
      "integrity": "sha512-n5SelJ1axbO636c2yUtOGia/IcJtVtlhQbFiVDBZHKV5ReJO1ViX7sFEemtuyoAnBxk5meNSYgA8V4s0271efg==",
      "requires": {
        "dom-serializer": "^0.2.1",
        "domelementtype": "^2.0.1",
        "domhandler": "^3.0.0"
      }
    },
    "encoding": {
      "version": "0.1.12",
      "resolved": "https://registry.npmjs.org/encoding/-/encoding-0.1.12.tgz",
      "integrity": "sha1-U4tm8+5izRq1HsMjgp0flIDHS+s=",
      "requires": {
        "iconv-lite": "~0.4.13"
      }
    },
    "entities": {
      "version": "2.0.0",
      "resolved": "https://registry.npmjs.org/entities/-/entities-2.0.0.tgz",
      "integrity": "sha512-D9f7V0JSRwIxlRI2mjMqufDrRDnx8p+eEOz7aUM9SuvF8gsBzra0/6tbjl1m8eQHrZlYj6PxqE00hZ1SAIKPLw=="
    },
    "fast-deep-equal": {
      "version": "3.1.1",
      "resolved": "https://registry.npmjs.org/fast-deep-equal/-/fast-deep-equal-3.1.1.tgz",
      "integrity": "sha512-8UEa58QDLauDNfpbrX55Q9jrGHThw2ZMdOky5Gl1CDtVeJDPVrG4Jxx1N8jw2gkWaff5UUuX1KJd+9zGe2B+ZA=="
    },
    "fbjs": {
      "version": "0.8.17",
      "resolved": "https://registry.npmjs.org/fbjs/-/fbjs-0.8.17.tgz",
      "integrity": "sha1-xNWY6taUkRJlPWWIsBpc3Nn5D90=",
      "requires": {
        "core-js": "^1.0.0",
        "isomorphic-fetch": "^2.1.1",
        "loose-envify": "^1.0.0",
        "object-assign": "^4.1.0",
        "promise": "^7.1.1",
        "setimmediate": "^1.0.5",
        "ua-parser-js": "^0.7.18"
      }
    },
    "follow-redirects": {
      "version": "1.9.0",
      "resolved": "https://registry.npmjs.org/follow-redirects/-/follow-redirects-1.9.0.tgz",
      "integrity": "sha512-CRcPzsSIbXyVDl0QI01muNDu69S8trU4jArW9LpOt2WtC6LyUJetcIrmfHsRBx7/Jb6GHJUiuqyYxPooFfNt6A==",
      "requires": {
        "debug": "^3.0.0"
      }
    },
    "hoist-non-react-statics": {
      "version": "3.3.2",
      "resolved": "https://registry.npmjs.org/hoist-non-react-statics/-/hoist-non-react-statics-3.3.2.tgz",
      "integrity": "sha512-/gGivxi8JPKWNm/W0jSmzcMPpfpPLc3dY/6GxhX2hQ9iGj3aDfklV4ET7NjKpSinLpJ5vafa9iiGIEZg10SfBw==",
      "requires": {
        "react-is": "^16.7.0"
      }
    },
    "htmlparser2": {
      "version": "4.0.0",
      "resolved": "https://registry.npmjs.org/htmlparser2/-/htmlparser2-4.0.0.tgz",
      "integrity": "sha512-cChwXn5Vam57fyXajDtPXL1wTYc8JtLbr2TN76FYu05itVVVealxLowe2B3IEznJG4p9HAYn/0tJaRlGuEglFQ==",
      "requires": {
        "domelementtype": "^2.0.1",
        "domhandler": "^3.0.0",
        "domutils": "^2.0.0",
        "entities": "^2.0.0"
      }
    },
    "http-link-header": {
      "version": "1.0.2",
      "resolved": "https://registry.npmjs.org/http-link-header/-/http-link-header-1.0.2.tgz",
      "integrity": "sha512-z6YOZ8ZEnejkcCWlGZzYXNa6i+ZaTfiTg3WhlV/YvnNya3W/RbX1bMVUMTuCrg/DrtTCQxaFCkXCz4FtLpcebg=="
    },
    "iconv-lite": {
      "version": "0.4.24",
      "resolved": "https://registry.npmjs.org/iconv-lite/-/iconv-lite-0.4.24.tgz",
      "integrity": "sha512-v3MXnZAcvnywkTUEZomIActle7RXXeedOR31wwl7VlyoXO4Qi9arvSenNQWne1TcRwhCL1HwLI21bEqdpj8/rA==",
      "requires": {
        "safer-buffer": ">= 2.1.2 < 3"
      }
    },
    "immutable": {
      "version": "3.8.2",
      "resolved": "https://registry.npmjs.org/immutable/-/immutable-3.8.2.tgz",
      "integrity": "sha1-wkOZUUVbs5kT2vKBN28VMOEErfM="
    },
    "is-stream": {
      "version": "1.1.0",
      "resolved": "https://registry.npmjs.org/is-stream/-/is-stream-1.1.0.tgz",
      "integrity": "sha1-EtSj3U5o4Lec6428hBc66A2RykQ="
    },
    "isomorphic-fetch": {
      "version": "2.2.1",
      "resolved": "https://registry.npmjs.org/isomorphic-fetch/-/isomorphic-fetch-2.2.1.tgz",
      "integrity": "sha1-YRrhrPFPXoH3KVB0coGf6XM1WKk=",
      "requires": {
        "node-fetch": "^1.0.1",
        "whatwg-fetch": ">=0.10.0"
      }
    },
    "js-tokens": {
      "version": "4.0.0",
      "resolved": "https://registry.npmjs.org/js-tokens/-/js-tokens-4.0.0.tgz",
      "integrity": "sha512-RdJUflcE3cUzKiMqQgsCu06FPu9UdIJO0beYbPhHN4k6apgJtifcoCtT9bcxOpYBtpD2kCM6Sbzg4CausW/PKQ=="
    },
    "jsonld-context-parser": {
      "version": "1.3.4",
      "resolved": "https://registry.npmjs.org/jsonld-context-parser/-/jsonld-context-parser-1.3.4.tgz",
      "integrity": "sha512-mR2uoEWqFLE1PrF1pbUuppKajHSGwodXtI9hlcpKflvolDEFAh4hd7z9874pWaK+TtQfHC3Xqfk0U8SEnt2htw==",
      "requires": {
        "isomorphic-fetch": "^2.2.1",
        "relative-to-absolute-iri": "^1.0.5"
      }
    },
    "jsonld-streaming-parser": {
      "version": "1.1.2",
      "resolved": "https://registry.npmjs.org/jsonld-streaming-parser/-/jsonld-streaming-parser-1.1.2.tgz",
      "integrity": "sha512-nKCvqHz2JDHJjt2Iv3kW7yoFpIcKX8bWGqe9r5xaadBg9yp7pg3iuwt7Tl8ADOj5z7jYWKGmO8s31Ho+XN1slQ==",
      "requires": {
        "@rdfjs/data-model": "^1.1.1",
        "@types/rdf-js": "^2.0.1",
        "jsonld-context-parser": "^1.3.3",
        "jsonparse": "^1.3.1"
      }
    },
    "jsonparse": {
      "version": "1.3.1",
      "resolved": "https://registry.npmjs.org/jsonparse/-/jsonparse-1.3.1.tgz",
      "integrity": "sha1-P02uSpH6wxX3EGL4UhzCOfE2YoA="
    },
    "leaflet": {
      "version": "1.6.0",
      "resolved": "https://registry.npmjs.org/leaflet/-/leaflet-1.6.0.tgz",
      "integrity": "sha512-CPkhyqWUKZKFJ6K8umN5/D2wrJ2+/8UIpXppY7QDnUZW5bZL5+SEI2J7GBpwh4LIupOKqbNSQXgqmrEJopHVNQ=="
    },
    "lodash.assign": {
      "version": "4.2.0",
      "resolved": "https://registry.npmjs.org/lodash.assign/-/lodash.assign-4.2.0.tgz",
      "integrity": "sha1-DZnzzNem0mHRm9rrkkUAXShYCOc="
    },
    "lodash.defaults": {
      "version": "4.2.0",
      "resolved": "https://registry.npmjs.org/lodash.defaults/-/lodash.defaults-4.2.0.tgz",
      "integrity": "sha1-0JF4cW/+pN3p5ft7N/bwgCJ0WAw="
    },
    "lodash.mapvalues": {
      "version": "4.6.0",
      "resolved": "https://registry.npmjs.org/lodash.mapvalues/-/lodash.mapvalues-4.6.0.tgz",
      "integrity": "sha1-G6+lAF3p3W9PJmaMMMo3IwzJaJw="
    },
    "loose-envify": {
      "version": "1.4.0",
      "resolved": "https://registry.npmjs.org/loose-envify/-/loose-envify-1.4.0.tgz",
      "integrity": "sha512-lyuxPGr/Wfhrlem2CL/UcnUc1zcqKAImBDzukY7Y5F/yQiNdko6+fRLevlw1HgMySw7f611UIY408EtxRSoK3Q==",
      "requires": {
        "js-tokens": "^3.0.0 || ^4.0.0"
      }
    },
    "ms": {
      "version": "2.1.2",
      "resolved": "https://registry.npmjs.org/ms/-/ms-2.1.2.tgz",
      "integrity": "sha512-sGkPx+VjMtmA6MX27oA4FBFELFCZZ4S4XqeGOXCv68tT+jb3vk/RyaKWP0PTKyWtmLSM0b+adUTEvbs1PEaH2w=="
    },
    "n3": {
      "version": "1.3.5",
      "resolved": "https://registry.npmjs.org/n3/-/n3-1.3.5.tgz",
      "integrity": "sha512-McWb1tCWGGAmHeGEakqZj/UqxQR9cpEYZ/JivBj59YfiOAuaIWZxu0B+jnhbCwCZ2AsxdgQ5Dq8fehIJpYQaMQ=="
    },
    "node-fetch": {
      "version": "1.7.3",
      "resolved": "https://registry.npmjs.org/node-fetch/-/node-fetch-1.7.3.tgz",
      "integrity": "sha512-NhZ4CsKx7cYm2vSrBAr2PvFOe6sWDf0UYLRqA6svUYg7+/TSfVAu49jYC4BvQ4Sms9SZgdqGBgroqfDhJdTyKQ==",
      "requires": {
        "encoding": "^0.1.11",
        "is-stream": "^1.0.1"
      }
    },
    "object-assign": {
      "version": "4.1.1",
      "resolved": "https://registry.npmjs.org/object-assign/-/object-assign-4.1.1.tgz",
      "integrity": "sha1-IQmtx5ZYh8/AXLvUQsrIv7s2CGM="
    },
    "parse-link-header": {
      "version": "1.0.1",
      "resolved": "https://registry.npmjs.org/parse-link-header/-/parse-link-header-1.0.1.tgz",
      "integrity": "sha1-vt/g0hGK64S+deewJUGeyKYRQKc=",
      "requires": {
        "xtend": "~4.0.1"
      }
    },
    "promise": {
      "version": "7.3.1",
      "resolved": "https://registry.npmjs.org/promise/-/promise-7.3.1.tgz",
      "integrity": "sha512-nolQXZ/4L+bP/UGlkfaIujX9BKxGwmQ9OT4mOt5yvy8iK1h3wqTEJCijzGANTCCl9nWjY41juyAn2K3Q1hLLTg==",
      "requires": {
        "asap": "~2.0.3"
      }
    },
    "promise-polyfill": {
      "version": "1.1.6",
      "resolved": "https://registry.npmjs.org/promise-polyfill/-/promise-polyfill-1.1.6.tgz",
      "integrity": "sha1-zQTv9G9clcOn0EVZHXm14+AfEtc="
    },
    "prop-types": {
      "version": "15.7.2",
      "resolved": "https://registry.npmjs.org/prop-types/-/prop-types-15.7.2.tgz",
      "integrity": "sha512-8QQikdH7//R2vurIJSutZ1smHYTcLpRWEOlHnzcWHmBYrOGUysKwSsrC89BCiFj3CbrfJ/nXFdJepOVrY1GCHQ==",
      "requires": {
        "loose-envify": "^1.4.0",
        "object-assign": "^4.1.1",
        "react-is": "^16.8.1"
      }
    },
    "rdf-parse": {
      "version": "1.2.1",
      "resolved": "https://registry.npmjs.org/rdf-parse/-/rdf-parse-1.2.1.tgz",
      "integrity": "sha512-IaqFknIY5Nsjo5OpP7K34Z3m3JeWSaVUOo4VwLiR7HZoKR1jq8s1Kr4mSxz1rg6JSNABTqPjJfGj6SPEsKJIXQ==",
      "requires": {
        "@comunica/actor-http-native": "^1.9.2",
        "@comunica/actor-rdf-parse-html": "^1.9.2",
        "@comunica/actor-rdf-parse-html-rdfa": "^1.9.2",
        "@comunica/actor-rdf-parse-html-script": "^1.9.2",
        "@comunica/actor-rdf-parse-jsonld": "^1.9.3",
        "@comunica/actor-rdf-parse-n3": "^1.9.3",
        "@comunica/actor-rdf-parse-rdfxml": "^1.9.2",
        "@comunica/actor-rdf-parse-xml-rdfa": "^1.9.2",
        "@comunica/bus-http": "^1.9.2",
        "@comunica/bus-rdf-parse": "^1.9.2",
        "@comunica/bus-rdf-parse-html": "^1.9.2",
        "@comunica/core": "^1.9.2",
        "@comunica/mediator-combine-union": "^1.9.2",
        "@comunica/mediator-number": "^1.9.2",
        "@comunica/mediator-race": "^1.9.2",
        "@types/rdf-js": "^2.0.1",
        "stream-to-string": "^1.2.0"
      }
    },
    "rdfa-streaming-parser": {
      "version": "1.1.1",
      "resolved": "https://registry.npmjs.org/rdfa-streaming-parser/-/rdfa-streaming-parser-1.1.1.tgz",
      "integrity": "sha512-35CdpV8FEj6CLPoAYxDZCrzFNxQyY+QVf3idedrV9kQwVpXkh0rAlefR+fcvwvMD7xNHTICmEMdLOUyQUxf/zQ==",
      "requires": {
        "@rdfjs/data-model": "^1.1.1",
        "@types/rdf-js": "^2.0.1",
        "htmlparser2": "^4.0.0",
        "relative-to-absolute-iri": "^1.0.2"
      }
    },
    "rdfxml-streaming-parser": {
      "version": "1.3.3",
      "resolved": "https://registry.npmjs.org/rdfxml-streaming-parser/-/rdfxml-streaming-parser-1.3.3.tgz",
      "integrity": "sha512-PC+rZ7TZpPucMGIFRqbI6qbq33L+/rf0H1gf2EJPRglQLRELuURM7wWRfd1CxKkowCIHsVBQPWdsq6MAeIdPJg==",
      "requires": {
        "@rdfjs/data-model": "^1.1.2",
        "relative-to-absolute-iri": "^1.0.0",
        "sax": "^1.2.4"
      }
    },
    "react": {
      "version": "16.13.0",
      "resolved": "https://registry.npmjs.org/react/-/react-16.13.0.tgz",
      "integrity": "sha512-TSavZz2iSLkq5/oiE7gnFzmURKZMltmi193rm5HEoUDAXpzT9Kzw6oNZnGoai/4+fUnm7FqS5dwgUL34TujcWQ==",
      "requires": {
        "loose-envify": "^1.1.0",
        "object-assign": "^4.1.1",
        "prop-types": "^15.6.2"
      }
    },
    "react-dom": {
      "version": "16.13.0",
      "resolved": "https://registry.npmjs.org/react-dom/-/react-dom-16.13.0.tgz",
      "integrity": "sha512-y09d2c4cG220DzdlFkPTnVvGTszVvNpC73v+AaLGLHbkpy3SSgvYq8x0rNwPJ/Rk/CicTNgk0hbHNw1gMEZAXg==",
      "requires": {
        "loose-envify": "^1.1.0",
        "object-assign": "^4.1.1",
        "prop-types": "^15.6.2",
        "scheduler": "^0.19.0"
      }
    },
    "react-is": {
      "version": "16.13.0",
      "resolved": "https://registry.npmjs.org/react-is/-/react-is-16.13.0.tgz",
      "integrity": "sha512-GFMtL0vHkiBv9HluwNZTggSn/sCyEt9n02aM0dSAjGGyqyNlAyftYm4phPxdvCigG15JreC5biwxCgTAJZ7yAA=="
    },
    "react-leaflet": {
      "version": "2.6.1",
      "resolved": "https://registry.npmjs.org/react-leaflet/-/react-leaflet-2.6.1.tgz",
      "integrity": "sha512-pqXQegdX4EL4R+zL33J92aLUcznp5TksNdW6CerwEwmi5m6CHt5k2YTkvyPVroZPA7pLAPB3ZAjmLLEmZh7yLw==",
      "requires": {
        "@babel/runtime": "^7.7.6",
        "fast-deep-equal": "^3.1.1",
        "hoist-non-react-statics": "^3.3.1",
        "warning": "^4.0.3"
      }
    },
    "readable-stream-node-to-web": {
      "version": "1.0.1",
      "resolved": "https://registry.npmjs.org/readable-stream-node-to-web/-/readable-stream-node-to-web-1.0.1.tgz",
      "integrity": "sha1-i3YU+qFGXr+g2pucpjA/onBzt88="
    },
    "regenerator-runtime": {
      "version": "0.13.3",
      "resolved": "https://registry.npmjs.org/regenerator-runtime/-/regenerator-runtime-0.13.3.tgz",
      "integrity": "sha512-naKIZz2GQ8JWh///G7L3X6LaQUAMp2lvb1rvwwsURe/VXwD6VMfr+/1NuNw3ag8v2kY1aQ/go5SNn79O9JU7yw=="
    },
    "relative-to-absolute-iri": {
      "version": "1.0.5",
      "resolved": "https://registry.npmjs.org/relative-to-absolute-iri/-/relative-to-absolute-iri-1.0.5.tgz",
      "integrity": "sha512-sHpUlpF3fRWtTcBa8uBIwQ+Z/YnjDjerocV3q0FrP8T9oZ3z6d61I12ZcGlGr9jW2cQbcCkErCT9XLcN18ZLaQ=="
    },
    "safer-buffer": {
      "version": "2.1.2",
      "resolved": "https://registry.npmjs.org/safer-buffer/-/safer-buffer-2.1.2.tgz",
      "integrity": "sha512-YZo3K82SD7Riyi0E1EQPojLz7kpepnSQI9IyPbHHg1XXXevb5dJI7tpyN2ADxGcQbHG7vcyRHk0cbwqcQriUtg=="
    },
    "sax": {
      "version": "1.2.4",
      "resolved": "https://registry.npmjs.org/sax/-/sax-1.2.4.tgz",
      "integrity": "sha512-NqVDv9TpANUjFm0N8uM5GxL36UgKi9/atZw+x7YFnQ8ckwFGKrl4xX4yWtrey3UJm5nP1kUbnYgLopqWNSRhWw=="
    },
    "scheduler": {
      "version": "0.19.0",
      "resolved": "https://registry.npmjs.org/scheduler/-/scheduler-0.19.0.tgz",
      "integrity": "sha512-xowbVaTPe9r7y7RUejcK73/j8tt2jfiyTednOvHbA8JoClvMYCp+r8QegLwK/n8zWQAtZb1fFnER4XLBZXrCxA==",
      "requires": {
        "loose-envify": "^1.1.0",
        "object-assign": "^4.1.1"
      }
    },
    "setimmediate": {
      "version": "1.0.5",
      "resolved": "https://registry.npmjs.org/setimmediate/-/setimmediate-1.0.5.tgz",
      "integrity": "sha1-KQy7Iy4waULX1+qbg3Mqt4VvgoU="
    },
    "stream-to-string": {
      "version": "1.2.0",
      "resolved": "https://registry.npmjs.org/stream-to-string/-/stream-to-string-1.2.0.tgz",
      "integrity": "sha512-8drZlFIKBHSMdX9GCWv8V9AAWnQcTqw0iAI6/GC7UJ0H0SwKeFKjOoZfGY1tOU00GGU7FYZQoJ/ZCUEoXhD7yQ==",
      "requires": {
        "promise-polyfill": "^1.1.6"
      }
    },
    "ua-parser-js": {
      "version": "0.7.21",
      "resolved": "https://registry.npmjs.org/ua-parser-js/-/ua-parser-js-0.7.21.tgz",
      "integrity": "sha512-+O8/qh/Qj8CgC6eYBVBykMrNtp5Gebn4dlGD/kKXVkJNDwyrAwSIqwz8CDf+tsAIWVycKcku6gIXJ0qwx/ZXaQ=="
    },
    "warning": {
      "version": "4.0.3",
      "resolved": "https://registry.npmjs.org/warning/-/warning-4.0.3.tgz",
      "integrity": "sha512-rpJyN222KWIvHJ/F53XSZv0Zl/accqHR8et1kpaMTD/fLCRxtV8iX8czMzY7sVZupTI3zcUTg8eycS2kNF9l6w==",
      "requires": {
        "loose-envify": "^1.0.0"
      }
    },
    "web-streams-node": {
      "version": "0.4.0",
      "resolved": "https://registry.npmjs.org/web-streams-node/-/web-streams-node-0.4.0.tgz",
      "integrity": "sha512-u+PBQs8DFaBrN/bxCLFn21tO/ZP7EM3qA4FGzppoUCcZ5CaMbKOsN8uOp27ylVEsfrxcR2tsF6gWHI5M8bN73w==",
      "requires": {
        "is-stream": "^1.1.0",
        "readable-stream-node-to-web": "^1.0.1",
        "web-streams-ponyfill": "^1.4.1"
      }
    },
    "web-streams-ponyfill": {
      "version": "1.4.2",
      "resolved": "https://registry.npmjs.org/web-streams-ponyfill/-/web-streams-ponyfill-1.4.2.tgz",
      "integrity": "sha512-LCHW+fE2UBJ2vjhqJujqmoxh1ytEDEr0dPO3CabMdMDJPKmsaxzS90V1Ar6LtNE5VHLqxR4YMEj1i4lzMAccIA=="
    },
    "whatwg-fetch": {
      "version": "3.0.0",
      "resolved": "https://registry.npmjs.org/whatwg-fetch/-/whatwg-fetch-3.0.0.tgz",
      "integrity": "sha512-9GSJUgz1D4MfyKU7KRqwOjXCXTqWdFNvEr7eUBYchQiVc744mqK/MzXPNR2WsPkmkOa4ywfg8C2n8h+13Bey1Q=="
    },
    "xtend": {
      "version": "4.0.2",
      "resolved": "https://registry.npmjs.org/xtend/-/xtend-4.0.2.tgz",
      "integrity": "sha512-LKYU1iAXJXUgAXn9URjiu+MWhyUXHsvfp7mcuYm9dSUKK0/CjtrUwFAxD82/mCWbtLsGjFIad0wIsod4zrTAEQ=="
    }
  }
}
